// !$*UTF8*$!
{
	archiveVersion = 1;
	classes = {
	};
	objectVersion = 46;
	objects = {

/* Begin PBXBuildFile section */
		1F491A5D1C5F06EE00DF0429 /* AppDelegate.swift in Sources */ = {isa = PBXBuildFile; fileRef = 1F491A5C1C5F06EE00DF0429 /* AppDelegate.swift */; };
		1F491A5F1C5F06EE00DF0429 /* ViewController.swift in Sources */ = {isa = PBXBuildFile; fileRef = 1F491A5E1C5F06EE00DF0429 /* ViewController.swift */; };
		1F491A621C5F06EE00DF0429 /* Main.storyboard in Resources */ = {isa = PBXBuildFile; fileRef = 1F491A601C5F06EE00DF0429 /* Main.storyboard */; };
		1F491A651C5F06EE00DF0429 /* LostPhoneSidneyS.xcdatamodeld in Sources */ = {isa = PBXBuildFile; fileRef = 1F491A631C5F06EE00DF0429 /* LostPhoneSidneyS.xcdatamodeld */; };
		1F491A671C5F06EE00DF0429 /* Assets.xcassets in Resources */ = {isa = PBXBuildFile; fileRef = 1F491A661C5F06EE00DF0429 /* Assets.xcassets */; };
		1F491A6A1C5F06EE00DF0429 /* LaunchScreen.storyboard in Resources */ = {isa = PBXBuildFile; fileRef = 1F491A681C5F06EE00DF0429 /* LaunchScreen.storyboard */; };
		1F491A751C5F06EE00DF0429 /* LostPhoneSidneySTests.swift in Sources */ = {isa = PBXBuildFile; fileRef = 1F491A741C5F06EE00DF0429 /* LostPhoneSidneySTests.swift */; };
		1F491A801C5F06EE00DF0429 /* LostPhoneSidneySUITests.swift in Sources */ = {isa = PBXBuildFile; fileRef = 1F491A7F1C5F06EE00DF0429 /* LostPhoneSidneySUITests.swift */; };
/* End PBXBuildFile section */

/* Begin PBXContainerItemProxy section */
		1F491A711C5F06EE00DF0429 /* PBXContainerItemProxy */ = {
			isa = PBXContainerItemProxy;
			containerPortal = 1F491A511C5F06EE00DF0429 /* Project object */;
			proxyType = 1;
			remoteGlobalIDString = 1F491A581C5F06EE00DF0429;
			remoteInfo = LostPhoneSidneyS;
		};
		1F491A7C1C5F06EE00DF0429 /* PBXContainerItemProxy */ = {
			isa = PBXContainerItemProxy;
			containerPortal = 1F491A511C5F06EE00DF0429 /* Project object */;
			proxyType = 1;
			remoteGlobalIDString = 1F491A581C5F06EE00DF0429;
			remoteInfo = LostPhoneSidneyS;
		};
/* End PBXContainerItemProxy section */

/* Begin PBXFileReference section */
		1F491A591C5F06EE00DF0429 /* LostPhoneSidneyS.app */ = {isa = PBXFileReference; explicitFileType = wrapper.application; includeInIndex = 0; path = LostPhoneSidneyS.app; sourceTree = BUILT_PRODUCTS_DIR; };
		1F491A5C1C5F06EE00DF0429 /* AppDelegate.swift */ = {isa = PBXFileReference; lastKnownFileType = sourcecode.swift; path = AppDelegate.swift; sourceTree = "<group>"; };
		1F491A5E1C5F06EE00DF0429 /* ViewController.swift */ = {isa = PBXFileReference; lastKnownFileType = sourcecode.swift; path = ViewController.swift; sourceTree = "<group>"; };
		1F491A611C5F06EE00DF0429 /* Base */ = {isa = PBXFileReference; lastKnownFileType = file.storyboard; name = Base; path = Base.lproj/Main.storyboard; sourceTree = "<group>"; };
		1F491A641C5F06EE00DF0429 /* LostPhoneSidneyS.xcdatamodel */ = {isa = PBXFileReference; lastKnownFileType = wrapper.xcdatamodel; path = LostPhoneSidneyS.xcdatamodel; sourceTree = "<group>"; };
		1F491A661C5F06EE00DF0429 /* Assets.xcassets */ = {isa = PBXFileReference; lastKnownFileType = folder.assetcatalog; path = Assets.xcassets; sourceTree = "<group>"; };
		1F491A691C5F06EE00DF0429 /* Base */ = {isa = PBXFileReference; lastKnownFileType = file.storyboard; name = Base; path = Base.lproj/LaunchScreen.storyboard; sourceTree = "<group>"; };
		1F491A6B1C5F06EE00DF0429 /* Info.plist */ = {isa = PBXFileReference; lastKnownFileType = text.plist.xml; path = Info.plist; sourceTree = "<group>"; };
		1F491A701C5F06EE00DF0429 /* LostPhoneSidneySTests.xctest */ = {isa = PBXFileReference; explicitFileType = wrapper.cfbundle; includeInIndex = 0; path = LostPhoneSidneySTests.xctest; sourceTree = BUILT_PRODUCTS_DIR; };
		1F491A741C5F06EE00DF0429 /* LostPhoneSidneySTests.swift */ = {isa = PBXFileReference; lastKnownFileType = sourcecode.swift; path = LostPhoneSidneySTests.swift; sourceTree = "<group>"; };
		1F491A761C5F06EE00DF0429 /* Info.plist */ = {isa = PBXFileReference; lastKnownFileType = text.plist.xml; path = Info.plist; sourceTree = "<group>"; };
		1F491A7B1C5F06EE00DF0429 /* LostPhoneSidneySUITests.xctest */ = {isa = PBXFileReference; explicitFileType = wrapper.cfbundle; includeInIndex = 0; path = LostPhoneSidneySUITests.xctest; sourceTree = BUILT_PRODUCTS_DIR; };
		1F491A7F1C5F06EE00DF0429 /* LostPhoneSidneySUITests.swift */ = {isa = PBXFileReference; lastKnownFileType = sourcecode.swift; path = LostPhoneSidneySUITests.swift; sourceTree = "<group>"; };
		1F491A811C5F06EE00DF0429 /* Info.plist */ = {isa = PBXFileReference; lastKnownFileType = text.plist.xml; path = Info.plist; sourceTree = "<group>"; };
/* End PBXFileReference section */

/* Begin PBXFrameworksBuildPhase section */
		1F491A561C5F06EE00DF0429 /* Frameworks */ = {
			isa = PBXFrameworksBuildPhase;
			buildActionMask = 2147483647;
			files = (
			);
			runOnlyForDeploymentPostprocessing = 0;
		};
		1F491A6D1C5F06EE00DF0429 /* Frameworks */ = {
			isa = PBXFrameworksBuildPhase;
			buildActionMask = 2147483647;
			files = (
			);
			runOnlyForDeploymentPostprocessing = 0;
		};
		1F491A781C5F06EE00DF0429 /* Frameworks */ = {
			isa = PBXFrameworksBuildPhase;
			buildActionMask = 2147483647;
			files = (
			);
			runOnlyForDeploymentPostprocessing = 0;
		};
/* End PBXFrameworksBuildPhase section */

/* Begin PBXGroup section */
		1F491A501C5F06EE00DF0429 = {
			isa = PBXGroup;
			children = (
				1F491A5B1C5F06EE00DF0429 /* LostPhoneSidneyS */,
				1F491A731C5F06EE00DF0429 /* LostPhoneSidneySTests */,
				1F491A7E1C5F06EE00DF0429 /* LostPhoneSidneySUITests */,
				1F491A5A1C5F06EE00DF0429 /* Products */,
			);
			sourceTree = "<group>";
		};
		1F491A5A1C5F06EE00DF0429 /* Products */ = {
			isa = PBXGroup;
			children = (
				1F491A591C5F06EE00DF0429 /* LostPhoneSidneyS.app */,
				1F491A701C5F06EE00DF0429 /* LostPhoneSidneySTests.xctest */,
				1F491A7B1C5F06EE00DF0429 /* LostPhoneSidneySUITests.xctest */,
			);
			name = Products;
			sourceTree = "<group>";
		};
		1F491A5B1C5F06EE00DF0429 /* LostPhoneSidneyS */ = {
			isa = PBXGroup;
			children = (
				1F491A5C1C5F06EE00DF0429 /* AppDelegate.swift */,
				1F491A5E1C5F06EE00DF0429 /* ViewController.swift */,
				1F491A601C5F06EE00DF0429 /* Main.storyboard */,
				1F491A661C5F06EE00DF0429 /* Assets.xcassets */,
				1F491A681C5F06EE00DF0429 /* LaunchScreen.storyboard */,
				1F491A6B1C5F06EE00DF0429 /* Info.plist */,
				1F491A631C5F06EE00DF0429 /* LostPhoneSidneyS.xcdatamodeld */,
			);
			path = LostPhoneSidneyS;
			sourceTree = "<group>";
		};
		1F491A731C5F06EE00DF0429 /* LostPhoneSidneySTests */ = {
			isa = PBXGroup;
			children = (
				1F491A741C5F06EE00DF0429 /* LostPhoneSidneySTests.swift */,
				1F491A761C5F06EE00DF0429 /* Info.plist */,
			);
			path = LostPhoneSidneySTests;
			sourceTree = "<group>";
		};
		1F491A7E1C5F06EE00DF0429 /* LostPhoneSidneySUITests */ = {
			isa = PBXGroup;
			children = (
				1F491A7F1C5F06EE00DF0429 /* LostPhoneSidneySUITests.swift */,
				1F491A811C5F06EE00DF0429 /* Info.plist */,
			);
			path = LostPhoneSidneySUITests;
			sourceTree = "<group>";
		};
/* End PBXGroup section */

/* Begin PBXNativeTarget section */
		1F491A581C5F06EE00DF0429 /* LostPhoneSidneyS */ = {
			isa = PBXNativeTarget;
			buildConfigurationList = 1F491A841C5F06EE00DF0429 /* Build configuration list for PBXNativeTarget "LostPhoneSidneyS" */;
			buildPhases = (
				1F491A551C5F06EE00DF0429 /* Sources */,
				1F491A561C5F06EE00DF0429 /* Frameworks */,
				1F491A571C5F06EE00DF0429 /* Resources */,
			);
			buildRules = (
			);
			dependencies = (
			);
			name = LostPhoneSidneyS;
			productName = LostPhoneSidneyS;
			productReference = 1F491A591C5F06EE00DF0429 /* LostPhoneSidneyS.app */;
			productType = "com.apple.product-type.application";
		};
		1F491A6F1C5F06EE00DF0429 /* LostPhoneSidneySTests */ = {
			isa = PBXNativeTarget;
			buildConfigurationList = 1F491A871C5F06EE00DF0429 /* Build configuration list for PBXNativeTarget "LostPhoneSidneySTests" */;
			buildPhases = (
				1F491A6C1C5F06EE00DF0429 /* Sources */,
				1F491A6D1C5F06EE00DF0429 /* Frameworks */,
				1F491A6E1C5F06EE00DF0429 /* Resources */,
			);
			buildRules = (
			);
			dependencies = (
				1F491A721C5F06EE00DF0429 /* PBXTargetDependency */,
			);
			name = LostPhoneSidneySTests;
			productName = LostPhoneSidneySTests;
			productReference = 1F491A701C5F06EE00DF0429 /* LostPhoneSidneySTests.xctest */;
			productType = "com.apple.product-type.bundle.unit-test";
		};
		1F491A7A1C5F06EE00DF0429 /* LostPhoneSidneySUITests */ = {
			isa = PBXNativeTarget;
			buildConfigurationList = 1F491A8A1C5F06EE00DF0429 /* Build configuration list for PBXNativeTarget "LostPhoneSidneySUITests" */;
			buildPhases = (
				1F491A771C5F06EE00DF0429 /* Sources */,
				1F491A781C5F06EE00DF0429 /* Frameworks */,
				1F491A791C5F06EE00DF0429 /* Resources */,
			);
			buildRules = (
			);
			dependencies = (
				1F491A7D1C5F06EE00DF0429 /* PBXTargetDependency */,
			);
			name = LostPhoneSidneySUITests;
			productName = LostPhoneSidneySUITests;
			productReference = 1F491A7B1C5F06EE00DF0429 /* LostPhoneSidneySUITests.xctest */;
			productType = "com.apple.product-type.bundle.ui-testing";
		};
/* End PBXNativeTarget section */

/* Begin PBXProject section */
		1F491A511C5F06EE00DF0429 /* Project object */ = {
			isa = PBXProject;
			attributes = {
				LastSwiftUpdateCheck = 0720;
				LastUpgradeCheck = 0720;
				ORGANIZATIONNAME = Sid;
				TargetAttributes = {
					1F491A581C5F06EE00DF0429 = {
						CreatedOnToolsVersion = 7.2;
					};
					1F491A6F1C5F06EE00DF0429 = {
						CreatedOnToolsVersion = 7.2;
						TestTargetID = 1F491A581C5F06EE00DF0429;
					};
					1F491A7A1C5F06EE00DF0429 = {
						CreatedOnToolsVersion = 7.2;
						TestTargetID = 1F491A581C5F06EE00DF0429;
					};
				};
			};
			buildConfigurationList = 1F491A541C5F06EE00DF0429 /* Build configuration list for PBXProject "LostPhoneSidneyS" */;
			compatibilityVersion = "Xcode 3.2";
			developmentRegion = English;
			hasScannedForEncodings = 0;
			knownRegions = (
				en,
				Base,
			);
			mainGroup = 1F491A501C5F06EE00DF0429;
			productRefGroup = 1F491A5A1C5F06EE00DF0429 /* Products */;
			projectDirPath = "";
			projectRoot = "";
			targets = (
				1F491A581C5F06EE00DF0429 /* LostPhoneSidneyS */,
				1F491A6F1C5F06EE00DF0429 /* LostPhoneSidneySTests */,
				1F491A7A1C5F06EE00DF0429 /* LostPhoneSidneySUITests */,
			);
		};
/* End PBXProject section */

/* Begin PBXResourcesBuildPhase section */
		1F491A571C5F06EE00DF0429 /* Resources */ = {
			isa = PBXResourcesBuildPhase;
			buildActionMask = 2147483647;
			files = (
				1F491A6A1C5F06EE00DF0429 /* LaunchScreen.storyboard in Resources */,
				1F491A671C5F06EE00DF0429 /* Assets.xcassets in Resources */,
				1F491A621C5F06EE00DF0429 /* Main.storyboard in Resources */,
			);
			runOnlyForDeploymentPostprocessing = 0;
		};
		1F491A6E1C5F06EE00DF0429 /* Resources */ = {
			isa = PBXResourcesBuildPhase;
			buildActionMask = 2147483647;
			files = (
			);
			runOnlyForDeploymentPostprocessing = 0;
		};
		1F491A791C5F06EE00DF0429 /* Resources */ = {
			isa = PBXResourcesBuildPhase;
			buildActionMask = 2147483647;
			files = (
			);
			runOnlyForDeploymentPostprocessing = 0;
		};
/* End PBXResourcesBuildPhase section */

/* Begin PBXSourcesBuildPhase section */
		1F491A551C5F06EE00DF0429 /* Sources */ = {
			isa = PBXSourcesBuildPhase;
			buildActionMask = 2147483647;
			files = (
				1F491A5F1C5F06EE00DF0429 /* ViewController.swift in Sources */,
				1F491A651C5F06EE00DF0429 /* LostPhoneSidneyS.xcdatamodeld in Sources */,
				1F491A5D1C5F06EE00DF0429 /* AppDelegate.swift in Sources */,
			);
			runOnlyForDeploymentPostprocessing = 0;
		};
		1F491A6C1C5F06EE00DF0429 /* Sources */ = {
			isa = PBXSourcesBuildPhase;
			buildActionMask = 2147483647;
			files = (
				1F491A751C5F06EE00DF0429 /* LostPhoneSidneySTests.swift in Sources */,
			);
			runOnlyForDeploymentPostprocessing = 0;
		};
		1F491A771C5F06EE00DF0429 /* Sources */ = {
			isa = PBXSourcesBuildPhase;
			buildActionMask = 2147483647;
			files = (
				1F491A801C5F06EE00DF0429 /* LostPhoneSidneySUITests.swift in Sources */,
			);
			runOnlyForDeploymentPostprocessing = 0;
		};
/* End PBXSourcesBuildPhase section */

/* Begin PBXTargetDependency section */
		1F491A721C5F06EE00DF0429 /* PBXTargetDependency */ = {
			isa = PBXTargetDependency;
			target = 1F491A581C5F06EE00DF0429 /* LostPhoneSidneyS */;
			targetProxy = 1F491A711C5F06EE00DF0429 /* PBXContainerItemProxy */;
		};
		1F491A7D1C5F06EE00DF0429 /* PBXTargetDependency */ = {
			isa = PBXTargetDependency;
			target = 1F491A581C5F06EE00DF0429 /* LostPhoneSidneyS */;
			targetProxy = 1F491A7C1C5F06EE00DF0429 /* PBXContainerItemProxy */;
		};
/* End PBXTargetDependency section */

/* Begin PBXVariantGroup section */
		1F491A601C5F06EE00DF0429 /* Main.storyboard */ = {
			isa = PBXVariantGroup;
			children = (
				1F491A611C5F06EE00DF0429 /* Base */,
			);
			name = Main.storyboard;
			sourceTree = "<group>";
		};
		1F491A681C5F06EE00DF0429 /* LaunchScreen.storyboard */ = {
			isa = PBXVariantGroup;
			children = (
				1F491A691C5F06EE00DF0429 /* Base */,
			);
			name = LaunchScreen.storyboard;
			sourceTree = "<group>";
		};
/* End PBXVariantGroup section */

/* Begin XCBuildConfiguration section */
		1F491A821C5F06EE00DF0429 /* Debug */ = {
			isa = XCBuildConfiguration;
			buildSettings = {
				ALWAYS_SEARCH_USER_PATHS = NO;
				CLANG_CXX_LANGUAGE_STANDARD = "gnu++0x";
				CLANG_CXX_LIBRARY = "libc++";
				CLANG_ENABLE_MODULES = YES;
				CLANG_ENABLE_OBJC_ARC = YES;
				CLANG_WARN_BOOL_CONVERSION = YES;
				CLANG_WARN_CONSTANT_CONVERSION = YES;
				CLANG_WARN_DIRECT_OBJC_ISA_USAGE = YES_ERROR;
				CLANG_WARN_EMPTY_BODY = YES;
				CLANG_WARN_ENUM_CONVERSION = YES;
				CLANG_WARN_INT_CONVERSION = YES;
				CLANG_WARN_OBJC_ROOT_CLASS = YES_ERROR;
				CLANG_WARN_UNREACHABLE_CODE = YES;
				CLANG_WARN__DUPLICATE_METHOD_MATCH = YES;
				"CODE_SIGN_IDENTITY[sdk=iphoneos*]" = "iPhone Developer";
				COPY_PHASE_STRIP = NO;
				DEBUG_INFORMATION_FORMAT = dwarf;
				ENABLE_STRICT_OBJC_MSGSEND = YES;
				ENABLE_TESTABILITY = YES;
				GCC_C_LANGUAGE_STANDARD = gnu99;
				GCC_DYNAMIC_NO_PIC = NO;
				GCC_NO_COMMON_BLOCKS = YES;
				GCC_OPTIMIZATION_LEVEL = 0;
				GCC_PREPROCESSOR_DEFINITIONS = (
					"DEBUG=1",
					"$(inherited)",
				);
				GCC_WARN_64_TO_32_BIT_CONVERSION = YES;
				GCC_WARN_ABOUT_RETURN_TYPE = YES_ERROR;
				GCC_WARN_UNDECLARED_SELECTOR = YES;
				GCC_WARN_UNINITIALIZED_AUTOS = YES_AGGRESSIVE;
				GCC_WARN_UNUSED_FUNCTION = YES;
				GCC_WARN_UNUSED_VARIABLE = YES;
				IPHONEOS_DEPLOYMENT_TARGET = 9.2;
				MTL_ENABLE_DEBUG_INFO = YES;
				ONLY_ACTIVE_ARCH = YES;
				SDKROOT = iphoneos;
				SWIFT_OPTIMIZATION_LEVEL = "-Onone";
			};
			name = Debug;
		};
		1F491A831C5F06EE00DF0429 /* Release */ = {
			isa = XCBuildConfiguration;
			buildSettings = {
				ALWAYS_SEARCH_USER_PATHS = NO;
				CLANG_CXX_LANGUAGE_STANDARD = "gnu++0x";
				CLANG_CXX_LIBRARY = "libc++";
				CLANG_ENABLE_MODULES = YES;
				CLANG_ENABLE_OBJC_ARC = YES;
				CLANG_WARN_BOOL_CONVERSION = YES;
				CLANG_WARN_CONSTANT_CONVERSION = YES;
				CLANG_WARN_DIRECT_OBJC_ISA_USAGE = YES_ERROR;
				CLANG_WARN_EMPTY_BODY = YES;
				CLANG_WARN_ENUM_CONVERSION = YES;
				CLANG_WARN_INT_CONVERSION = YES;
				CLANG_WARN_OBJC_ROOT_CLASS = YES_ERROR;
				CLANG_WARN_UNREACHABLE_CODE = YES;
				CLANG_WARN__DUPLICATE_METHOD_MATCH = YES;
				"CODE_SIGN_IDENTITY[sdk=iphoneos*]" = "iPhone Developer";
				COPY_PHASE_STRIP = NO;
				DEBUG_INFORMATION_FORMAT = "dwarf-with-dsym";
				ENABLE_NS_ASSERTIONS = NO;
				ENABLE_STRICT_OBJC_MSGSEND = YES;
				GCC_C_LANGUAGE_STANDARD = gnu99;
				GCC_NO_COMMON_BLOCKS = YES;
				GCC_WARN_64_TO_32_BIT_CONVERSION = YES;
				GCC_WARN_ABOUT_RETURN_TYPE = YES_ERROR;
				GCC_WARN_UNDECLARED_SELECTOR = YES;
				GCC_WARN_UNINITIALIZED_AUTOS = YES_AGGRESSIVE;
				GCC_WARN_UNUSED_FUNCTION = YES;
				GCC_WARN_UNUSED_VARIABLE = YES;
				IPHONEOS_DEPLOYMENT_TARGET = 9.2;
				MTL_ENABLE_DEBUG_INFO = NO;
				SDKROOT = iphoneos;
				VALIDATE_PRODUCT = YES;
			};
			name = Release;
		};
		1F491A851C5F06EE00DF0429 /* Debug */ = {
			isa = XCBuildConfiguration;
			buildSettings = {
				ASSETCATALOG_COMPILER_APPICON_NAME = AppIcon;
				INFOPLIST_FILE = LostPhoneSidneyS/Info.plist;
				LD_RUNPATH_SEARCH_PATHS = "$(inherited) @executable_path/Frameworks";
				PRODUCT_BUNDLE_IDENTIFIER = com.LostPhoneSidneyS;
				PRODUCT_NAME = "$(TARGET_NAME)";
			};
			name = Debug;
		};
		1F491A861C5F06EE00DF0429 /* Release */ = {
			isa = XCBuildConfiguration;
			buildSettings = {
				ASSETCATALOG_COMPILER_APPICON_NAME = AppIcon;
				INFOPLIST_FILE = LostPhoneSidneyS/Info.plist;
				LD_RUNPATH_SEARCH_PATHS = "$(inherited) @executable_path/Frameworks";
				PRODUCT_BUNDLE_IDENTIFIER = com.LostPhoneSidneyS;
				PRODUCT_NAME = "$(TARGET_NAME)";
			};
			name = Release;
		};
		1F491A881C5F06EE00DF0429 /* Debug */ = {
			isa = XCBuildConfiguration;
			buildSettings = {
				BUNDLE_LOADER = "$(TEST_HOST)";
				INFOPLIST_FILE = LostPhoneSidneySTests/Info.plist;
				LD_RUNPATH_SEARCH_PATHS = "$(inherited) @executable_path/Frameworks @loader_path/Frameworks";
				PRODUCT_BUNDLE_IDENTIFIER = com.LostPhoneSidneySTests;
				PRODUCT_NAME = "$(TARGET_NAME)";
				TEST_HOST = "$(BUILT_PRODUCTS_DIR)/LostPhoneSidneyS.app/LostPhoneSidneyS";
			};
			name = Debug;
		};
		1F491A891C5F06EE00DF0429 /* Release */ = {
			isa = XCBuildConfiguration;
			buildSettings = {
				BUNDLE_LOADER = "$(TEST_HOST)";
				INFOPLIST_FILE = LostPhoneSidneySTests/Info.plist;
				LD_RUNPATH_SEARCH_PATHS = "$(inherited) @executable_path/Frameworks @loader_path/Frameworks";
				PRODUCT_BUNDLE_IDENTIFIER = com.LostPhoneSidneySTests;
				PRODUCT_NAME = "$(TARGET_NAME)";
				TEST_HOST = "$(BUILT_PRODUCTS_DIR)/LostPhoneSidneyS.app/LostPhoneSidneyS";
			};
			name = Release;
		};
		1F491A8B1C5F06EE00DF0429 /* Debug */ = {
			isa = XCBuildConfiguration;
			buildSettings = {
				INFOPLIST_FILE = LostPhoneSidneySUITests/Info.plist;
				LD_RUNPATH_SEARCH_PATHS = "$(inherited) @executable_path/Frameworks @loader_path/Frameworks";
				PRODUCT_BUNDLE_IDENTIFIER = com.LostPhoneSidneySUITests;
				PRODUCT_NAME = "$(TARGET_NAME)";
				TEST_TARGET_NAME = LostPhoneSidneyS;
				USES_XCTRUNNER = YES;
			};
			name = Debug;
		};
		1F491A8C1C5F06EE00DF0429 /* Release */ = {
			isa = XCBuildConfiguration;
			buildSettings = {
				INFOPLIST_FILE = LostPhoneSidneySUITests/Info.plist;
				LD_RUNPATH_SEARCH_PATHS = "$(inherited) @executable_path/Frameworks @loader_path/Frameworks";
				PRODUCT_BUNDLE_IDENTIFIER = com.LostPhoneSidneySUITests;
				PRODUCT_NAME = "$(TARGET_NAME)";
				TEST_TARGET_NAME = LostPhoneSidneyS;
				USES_XCTRUNNER = YES;
			};
			name = Release;
		};
/* End XCBuildConfiguration section */

/* Begin XCConfigurationList section */
		1F491A541C5F06EE00DF0429 /* Build configuration list for PBXProject "LostPhoneSidneyS" */ = {
			isa = XCConfigurationList;
			buildConfigurations = (
				1F491A821C5F06EE00DF0429 /* Debug */,
				1F491A831C5F06EE00DF0429 /* Release */,
			);
			defaultConfigurationIsVisible = 0;
			defaultConfigurationName = Release;
		};
		1F491A841C5F06EE00DF0429 /* Build configuration list for PBXNativeTarget "LostPhoneSidneyS" */ = {
			isa = XCConfigurationList;
			buildConfigurations = (
				1F491A851C5F06EE00DF0429 /* Debug */,
				1F491A861C5F06EE00DF0429 /* Release */,
			);
			defaultConfigurationIsVisible = 0;
		};
		1F491A871C5F06EE00DF0429 /* Build configuration list for PBXNativeTarget "LostPhoneSidneySTests" */ = {
			isa = XCConfigurationList;
			buildConfigurations = (
				1F491A881C5F06EE00DF0429 /* Debug */,
				1F491A891C5F06EE00DF0429 /* Release */,
			);
			defaultConfigurationIsVisible = 0;
		};
		1F491A8A1C5F06EE00DF0429 /* Build configuration list for PBXNativeTarget "LostPhoneSidneySUITests" */ = {
			isa = XCConfigurationList;
			buildConfigurations = (
				1F491A8B1C5F06EE00DF0429 /* Debug */,
				1F491A8C1C5F06EE00DF0429 /* Release */,
			);
			defaultConfigurationIsVisible = 0;
		};
/* End XCConfigurationList section */

/* Begin XCVersionGroup section */
		1F491A631C5F06EE00DF0429 /* LostPhoneSidneyS.xcdatamodeld */ = {
			isa = XCVersionGroup;
			children = (
				1F491A641C5F06EE00DF0429 /* LostPhoneSidneyS.xcdatamodel */,
			);
			currentVersion = 1F491A641C5F06EE00DF0429 /* LostPhoneSidneyS.xcdatamodel */;
			path = LostPhoneSidneyS.xcdatamodeld;
			sourceTree = "<group>";
			versionGroupType = wrapper.xcdatamodel;
		};
/* End XCVersionGroup section */
	};
	rootObject = 1F491A511C5F06EE00DF0429 /* Project object */;
}
